
Microsoft Visual Studio Solution File, Format Version 12.00
# Visual Studio Version 17
VisualStudioVersion = 17.8.34408.163
MinimumVisualStudioVersion = 10.0.40219.1
Project("{2150E333-8FDC-42A3-9474-1A3956D46DE8}") = "src", "src", "{C3879603-8D2E-44B2-8A3D-4E55670DA63B}"
EndProject
Project("{E53339B2-1760-4266-BCC7-CA923CBCF16C}") = "docker-compose", "docker-compose.dcproj", "{5C5603C6-3122-4736-9FDF-13BD1C54AD7A}"
EndProject
Project("{2150E333-8FDC-42A3-9474-1A3956D46DE8}") = "Solution Items", "Solution Items", "{555FFE91-E602-4BB0-A57D-47AED636F521}"
EndProject
Project("{9A19103F-16F7-4668-BE54-9A1E7A4F7556}") = "HospitalityHub.API", "src\HospitalityHub.API\HospitalityHub.API.csproj", "{40C0319C-7FC2-4254-B4A2-B9B4F1003B99}"
EndProject
Project("{9A19103F-16F7-4668-BE54-9A1E7A4F7556}") = "HospitalityHub.BLL", "src\HospitalityHub.BLL\HospitalityHub.BLL.csproj", "{B247B409-98FB-4787-BC6A-DB63C740ED3B}"
EndProject
Project("{9A19103F-16F7-4668-BE54-9A1E7A4F7556}") = "HospitalityHub.Core", "src\HospitalityHub.Core\HospitalityHub.Core.csproj", "{1B3CDACB-ACFE-4D39-B522-7A0AC9D04472}"
EndProject
Project("{9A19103F-16F7-4668-BE54-9A1E7A4F7556}") = "HospitalityHub.DAL", "src\HospitalityHub.DAL\HospitalityHub.DAL.csproj", "{478DF42F-A341-46EC-9E95-936ECB1F1A9B}"
EndProject
Project("{FAE04EC0-301F-11D3-BF4B-00C04F79EFBC}") = "HospitalityHub.Localization", "src\HospitalityHub.Localization\HospitalityHub.Localization.csproj", "{152806AA-1371-4192-8189-D466D2D64717}"
EndProject
Project("{2150E333-8FDC-42A3-9474-1A3956D46DE8}") = "Proxies", "Proxies", "{B1865751-F3C0-407D-AFB9-B37C098D9D11}"
EndProject
Project("{FAE04EC0-301F-11D3-BF4B-00C04F79EFBC}") = "HospitalityHub.DoorLockServiceProxy", "src\Proxies\HospitalityHub.DoorLockServiceProxy\HospitalityHub.DoorLockServiceProxy.csproj", "{3F1402F2-400B-4832-B602-52827320E2C1}"
EndProject
Global
	GlobalSection(SolutionConfigurationPlatforms) = preSolution
		Debug|Any CPU = Debug|Any CPU
		Release|Any CPU = Release|Any CPU
	EndGlobalSection
	GlobalSection(ProjectConfigurationPlatforms) = postSolution
		{5C5603C6-3122-4736-9FDF-13BD1C54AD7A}.Debug|Any CPU.ActiveCfg = Debug|Any CPU
		{5C5603C6-3122-4736-9FDF-13BD1C54AD7A}.Debug|Any CPU.Build.0 = Debug|Any CPU
		{5C5603C6-3122-4736-9FDF-13BD1C54AD7A}.Release|Any CPU.ActiveCfg = Release|Any CPU
		{5C5603C6-3122-4736-9FDF-13BD1C54AD7A}.Release|Any CPU.Build.0 = Release|Any CPU
		{40C0319C-7FC2-4254-B4A2-B9B4F1003B99}.Debug|Any CPU.ActiveCfg = Debug|Any CPU
		{40C0319C-7FC2-4254-B4A2-B9B4F1003B99}.Debug|Any CPU.Build.0 = Debug|Any CPU
		{40C0319C-7FC2-4254-B4A2-B9B4F1003B99}.Release|Any CPU.ActiveCfg = Release|Any CPU
		{40C0319C-7FC2-4254-B4A2-B9B4F1003B99}.Release|Any CPU.Build.0 = Release|Any CPU
		{B247B409-98FB-4787-BC6A-DB63C740ED3B}.Debug|Any CPU.ActiveCfg = Debug|Any CPU
		{B247B409-98FB-4787-BC6A-DB63C740ED3B}.Debug|Any CPU.Build.0 = Debug|Any CPU
		{B247B409-98FB-4787-BC6A-DB63C740ED3B}.Release|Any CPU.ActiveCfg = Release|Any CPU
		{B247B409-98FB-4787-BC6A-DB63C740ED3B}.Release|Any CPU.Build.0 = Release|Any CPU
		{1B3CDACB-ACFE-4D39-B522-7A0AC9D04472}.Debug|Any CPU.ActiveCfg = Debug|Any CPU
		{1B3CDACB-ACFE-4D39-B522-7A0AC9D04472}.Debug|Any CPU.Build.0 = Debug|Any CPU
		{1B3CDACB-ACFE-4D39-B522-7A0AC9D04472}.Release|Any CPU.ActiveCfg = Release|Any CPU
		{1B3CDACB-ACFE-4D39-B522-7A0AC9D04472}.Release|Any CPU.Build.0 = Release|Any CPU
		{478DF42F-A341-46EC-9E95-936ECB1F1A9B}.Debug|Any CPU.ActiveCfg = Debug|Any CPU
		{478DF42F-A341-46EC-9E95-936ECB1F1A9B}.Debug|Any CPU.Build.0 = Debug|Any CPU
		{478DF42F-A341-46EC-9E95-936ECB1F1A9B}.Release|Any CPU.ActiveCfg = Release|Any CPU
		{478DF42F-A341-46EC-9E95-936ECB1F1A9B}.Release|Any CPU.Build.0 = Release|Any CPU
		{152806AA-1371-4192-8189-D466D2D64717}.Debug|Any CPU.ActiveCfg = Debug|Any CPU
		{152806AA-1371-4192-8189-D466D2D64717}.Debug|Any CPU.Build.0 = Debug|Any CPU
		{152806AA-1371-4192-8189-D466D2D64717}.Release|Any CPU.ActiveCfg = Release|Any CPU
		{152806AA-1371-4192-8189-D466D2D64717}.Release|Any CPU.Build.0 = Release|Any CPU
		{3F1402F2-400B-4832-B602-52827320E2C1}.Debug|Any CPU.ActiveCfg = Debug|Any CPU
		{3F1402F2-400B-4832-B602-52827320E2C1}.Debug|Any CPU.Build.0 = Debug|Any CPU
		{3F1402F2-400B-4832-B602-52827320E2C1}.Release|Any CPU.ActiveCfg = Release|Any CPU
		{3F1402F2-400B-4832-B602-52827320E2C1}.Release|Any CPU.Build.0 = Release|Any CPU
	EndGlobalSection
	GlobalSection(SolutionProperties) = preSolution
		HideSolutionNode = FALSE
	EndGlobalSection
	GlobalSection(NestedProjects) = preSolution
		{5C5603C6-3122-4736-9FDF-13BD1C54AD7A} = {555FFE91-E602-4BB0-A57D-47AED636F521}
		{40C0319C-7FC2-4254-B4A2-B9B4F1003B99} = {C3879603-8D2E-44B2-8A3D-4E55670DA63B}
		{B247B409-98FB-4787-BC6A-DB63C740ED3B} = {C3879603-8D2E-44B2-8A3D-4E55670DA63B}
		{1B3CDACB-ACFE-4D39-B522-7A0AC9D04472} = {C3879603-8D2E-44B2-8A3D-4E55670DA63B}
		{478DF42F-A341-46EC-9E95-936ECB1F1A9B} = {C3879603-8D2E-44B2-8A3D-4E55670DA63B}
		{152806AA-1371-4192-8189-D466D2D64717} = {C3879603-8D2E-44B2-8A3D-4E55670DA63B}
		{B1865751-F3C0-407D-AFB9-B37C098D9D11} = {C3879603-8D2E-44B2-8A3D-4E55670DA63B}
		{3F1402F2-400B-4832-B602-52827320E2C1} = {B1865751-F3C0-407D-AFB9-B37C098D9D11}
	EndGlobalSection
	GlobalSection(ExtensibilityGlobals) = postSolution
		SolutionGuid = {71494DEE-9827-4D76-8EDF-3F17A296252A}
	EndGlobalSection
EndGlobal
